
Microsoft Visual Studio Solution File, Format Version 12.00
# Visual Studio Version 17
VisualStudioVersion = 17.7.34024.191
MinimumVisualStudioVersion = 10.0.40219.1
Project("{FAE04EC0-301F-11D3-BF4B-00C04F79EFBC}") = "Calculator1", "Calculator1.csproj", "{102A8CC1-FDB3-45CB-AEC5-326E704C4C9A}"
EndProject
Global
	GlobalSection(SolutionConfigurationPlatforms) = preSolution
		Debug|Any CPU = Debug|Any CPU
		Release|Any CPU = Release|Any CPU
	EndGlobalSection
	GlobalSection(ProjectConfigurationPlatforms) = postSolution
		{102A8CC1-FDB3-45CB-AEC5-326E704C4C9A}.Debug|Any CPU.ActiveCfg = Debug|Any CPU
		{102A8CC1-FDB3-45CB-AEC5-326E704C4C9A}.Debug|Any CPU.Build.0 = Debug|Any CPU
		{102A8CC1-FDB3-45CB-AEC5-326E704C4C9A}.Release|Any CPU.ActiveCfg = Release|Any CPU
		{102A8CC1-FDB3-45CB-AEC5-326E704C4C9A}.Release|Any CPU.Build.0 = Release|Any CPU
	EndGlobalSection
	GlobalSection(SolutionProperties) = preSolution
		HideSolutionNode = FALSE
	EndGlobalSection
	GlobalSection(ExtensibilityGlobals) = postSolution
		SolutionGuid = {77DDB036-C82A-4CB8-BDFF-EA4201D9114D}
	EndGlobalSection
EndGlobal
